// !$*UTF8*$!
{
	archiveVersion = 1;
	classes = {
	};
	objectVersion = 50;
	objects = {

/* Begin PBXBuildFile section */
		812BED2A20CF954D00452F50 /* AppDelegate.swift in Sources */ = {isa = PBXBuildFile; fileRef = 812BED2920CF954D00452F50 /* AppDelegate.swift */; };
		812BED2C20CF954D00452F50 /* ViewController.swift in Sources */ = {isa = PBXBuildFile; fileRef = 812BED2B20CF954D00452F50 /* ViewController.swift */; };
		812BED2F20CF954D00452F50 /* Main.storyboard in Resources */ = {isa = PBXBuildFile; fileRef = 812BED2D20CF954D00452F50 /* Main.storyboard */; };
		812BED3120CF954F00452F50 /* Assets.xcassets in Resources */ = {isa = PBXBuildFile; fileRef = 812BED3020CF954F00452F50 /* Assets.xcassets */; };
		812BED3420CF954F00452F50 /* LaunchScreen.storyboard in Resources */ = {isa = PBXBuildFile; fileRef = 812BED3220CF954F00452F50 /* LaunchScreen.storyboard */; };
		812BED4020CFF2D000452F50 /* GuessMoneyController.swift in Sources */ = {isa = PBXBuildFile; fileRef = 812BED3F20CFF2D000452F50 /* GuessMoneyController.swift */; };
		812BED4420D0EDC100452F50 /* InputNumView.swift in Sources */ = {isa = PBXBuildFile; fileRef = 812BED4320D0EDC100452F50 /* InputNumView.swift */; };
		812BED4620D0F04F00452F50 /* CustomInputController.swift in Sources */ = {isa = PBXBuildFile; fileRef = 812BED4520D0F04F00452F50 /* CustomInputController.swift */; };
		812BED4820D1035900452F50 /* TestViewController.swift in Sources */ = {isa = PBXBuildFile; fileRef = 812BED4720D1035900452F50 /* TestViewController.swift */; };
/* End PBXBuildFile section */

/* Begin PBXFileReference section */
		812BED2620CF954D00452F50 /* GuessTest.app */ = {isa = PBXFileReference; explicitFileType = wrapper.application; includeInIndex = 0; path = GuessTest.app; sourceTree = BUILT_PRODUCTS_DIR; };
		812BED2920CF954D00452F50 /* AppDelegate.swift */ = {isa = PBXFileReference; lastKnownFileType = sourcecode.swift; path = AppDelegate.swift; sourceTree = "<group>"; };
		812BED2B20CF954D00452F50 /* ViewController.swift */ = {isa = PBXFileReference; lastKnownFileType = sourcecode.swift; path = ViewController.swift; sourceTree = "<group>"; };
		812BED2E20CF954D00452F50 /* Base */ = {isa = PBXFileReference; lastKnownFileType = file.storyboard; name = Base; path = Base.lproj/Main.storyboard; sourceTree = "<group>"; };
		812BED3020CF954F00452F50 /* Assets.xcassets */ = {isa = PBXFileReference; lastKnownFileType = folder.assetcatalog; path = Assets.xcassets; sourceTree = "<group>"; };
		812BED3320CF954F00452F50 /* Base */ = {isa = PBXFileReference; lastKnownFileType = file.storyboard; name = Base; path = Base.lproj/LaunchScreen.storyboard; sourceTree = "<group>"; };
		812BED3520CF954F00452F50 /* Info.plist */ = {isa = PBXFileReference; lastKnownFileType = text.plist.xml; path = Info.plist; sourceTree = "<group>"; };
		812BED3F20CFF2D000452F50 /* GuessMoneyController.swift */ = {isa = PBXFileReference; lastKnownFileType = sourcecode.swift; path = GuessMoneyController.swift; sourceTree = "<group>"; };
		812BED4320D0EDC100452F50 /* InputNumView.swift */ = {isa = PBXFileReference; lastKnownFileType = sourcecode.swift; path = InputNumView.swift; sourceTree = "<group>"; };
		812BED4520D0F04F00452F50 /* CustomInputController.swift */ = {isa = PBXFileReference; lastKnownFileType = sourcecode.swift; path = CustomInputController.swift; sourceTree = "<group>"; };
		812BED4720D1035900452F50 /* TestViewController.swift */ = {isa = PBXFileReference; lastKnownFileType = sourcecode.swift; path = TestViewController.swift; sourceTree = "<group>"; };
/* End PBXFileReference section */

/* Begin PBXFrameworksBuildPhase section */
		812BED2320CF954D00452F50 /* Frameworks */ = {
			isa = PBXFrameworksBuildPhase;
			buildActionMask = 2147483647;
			files = (
			);
			runOnlyForDeploymentPostprocessing = 0;
		};
/* End PBXFrameworksBuildPhase section */

/* Begin PBXGroup section */
		812BED1D20CF954D00452F50 = {
			isa = PBXGroup;
			children = (
				812BED2820CF954D00452F50 /* GuessTest */,
				812BED2720CF954D00452F50 /* Products */,
			);
			sourceTree = "<group>";
		};
		812BED2720CF954D00452F50 /* Products */ = {
			isa = PBXGroup;
			children = (
				812BED2620CF954D00452F50 /* GuessTest.app */,
			);
			name = Products;
			sourceTree = "<group>";
		};
		812BED2820CF954D00452F50 /* GuessTest */ = {
			isa = PBXGroup;
			children = (
				812BED2920CF954D00452F50 /* AppDelegate.swift */,
				812BED2B20CF954D00452F50 /* ViewController.swift */,
				812BED3F20CFF2D000452F50 /* GuessMoneyController.swift */,
				812BED4520D0F04F00452F50 /* CustomInputController.swift */,
				812BED4720D1035900452F50 /* TestViewController.swift */,
				812BED4320D0EDC100452F50 /* InputNumView.swift */,
				812BED2D20CF954D00452F50 /* Main.storyboard */,
				812BED3020CF954F00452F50 /* Assets.xcassets */,
				812BED3220CF954F00452F50 /* LaunchScreen.storyboard */,
				812BED3520CF954F00452F50 /* Info.plist */,
			);
			path = GuessTest;
			sourceTree = "<group>";
		};
/* End PBXGroup section */

/* Begin PBXNativeTarget section */
		812BED2520CF954D00452F50 /* GuessTest */ = {
			isa = PBXNativeTarget;
			buildConfigurationList = 812BED3820CF954F00452F50 /* Build configuration list for PBXNativeTarget "GuessTest" */;
			buildPhases = (
				812BED2220CF954D00452F50 /* Sources */,
				812BED2320CF954D00452F50 /* Frameworks */,
				812BED2420CF954D00452F50 /* Resources */,
			);
			buildRules = (
			);
			dependencies = (
			);
			name = GuessTest;
			productName = GuessTest;
			productReference = 812BED2620CF954D00452F50 /* GuessTest.app */;
			productType = "com.apple.product-type.application";
		};
/* End PBXNativeTarget section */

/* Begin PBXProject section */
		812BED1E20CF954D00452F50 /* Project object */ = {
			isa = PBXProject;
			attributes = {
				LastSwiftUpdateCheck = 0940;
				LastUpgradeCheck = 0940;
				ORGANIZATIONNAME = weiman;
				TargetAttributes = {
					812BED2520CF954D00452F50 = {
						CreatedOnToolsVersion = 9.4;
					};
				};
			};
			buildConfigurationList = 812BED2120CF954D00452F50 /* Build configuration list for PBXProject "GuessTest" */;
			compatibilityVersion = "Xcode 9.3";
			developmentRegion = en;
			hasScannedForEncodings = 0;
			knownRegions = (
				en,
				Base,
			);
			mainGroup = 812BED1D20CF954D00452F50;
			productRefGroup = 812BED2720CF954D00452F50 /* Products */;
			projectDirPath = "";
			projectRoot = "";
			targets = (
				812BED2520CF954D00452F50 /* GuessTest */,
			);
		};
/* End PBXProject section */

/* Begin PBXResourcesBuildPhase section */
		812BED2420CF954D00452F50 /* Resources */ = {
			isa = PBXResourcesBuildPhase;
			buildActionMask = 2147483647;
			files = (
				812BED3420CF954F00452F50 /* LaunchScreen.storyboard in Resources */,
				812BED3120CF954F00452F50 /* Assets.xcassets in Resources */,
				812BED2F20CF954D00452F50 /* Main.storyboard in Resources */,
			);
			runOnlyForDeploymentPostprocessing = 0;
		};
/* End PBXResourcesBuildPhase section */

/* Begin PBXSourcesBuildPhase section */
		812BED2220CF954D00452F50 /* Sources */ = {
			isa = PBXSourcesBuildPhase;
			buildActionMask = 2147483647;
			files = (
				812BED4420D0EDC100452F50 /* InputNumView.swift in Sources */,
				812BED2C20CF954D00452F50 /* ViewController.swift in Sources */,
				812BED4620D0F04F00452F50 /* CustomInputController.swift in Sources */,
				812BED4020CFF2D000452F50 /* GuessMoneyController.swift in Sources */,
				812BED4820D1035900452F50 /* TestViewController.swift in Sources */,
				812BED2A20CF954D00452F50 /* AppDelegate.swift in Sources */,
			);
			runOnlyForDeploymentPostprocessing = 0;
		};
/* End PBXSourcesBuildPhase section */

/* Begin PBXVariantGroup section */
		812BED2D20CF954D00452F50 /* Main.storyboard */ = {
			isa = PBXVariantGroup;
			children = (
				812BED2E20CF954D00452F50 /* Base */,
			);
			name = Main.storyboard;
			sourceTree = "<group>";
		};
		812BED3220CF954F00452F50 /* LaunchScreen.storyboard */ = {
			isa = PBXVariantGroup;
			children = (
				812BED3320CF954F00452F50 /* Base */,
			);
			name = LaunchScreen.storyboard;
			sourceTree = "<group>";
		};
/* End PBXVariantGroup section */

/* Begin XCBuildConfiguration section */
		812BED3620CF954F00452F50 /* Debug */ = {
			isa = XCBuildConfiguration;
			buildSettings = {
				ALWAYS_SEARCH_USER_PATHS = NO;
				CLANG_ANALYZER_NONNULL = YES;
				CLANG_ANALYZER_NUMBER_OBJECT_CONVERSION = YES_AGGRESSIVE;
				CLANG_CXX_LANGUAGE_STANDARD = "gnu++14";
				CLANG_CXX_LIBRARY = "libc++";
				CLANG_ENABLE_MODULES = YES;
				CLANG_ENABLE_OBJC_ARC = YES;
				CLANG_ENABLE_OBJC_WEAK = YES;
				CLANG_WARN_BLOCK_CAPTURE_AUTORELEASING = YES;
				CLANG_WARN_BOOL_CONVERSION = YES;
				CLANG_WARN_COMMA = YES;
				CLANG_WARN_CONSTANT_CONVERSION = YES;
				CLANG_WARN_DEPRECATED_OBJC_IMPLEMENTATIONS = YES;
				CLANG_WARN_DIRECT_OBJC_ISA_USAGE = YES_ERROR;
				CLANG_WARN_DOCUMENTATION_COMMENTS = YES;
				CLANG_WARN_EMPTY_BODY = YES;
				CLANG_WARN_ENUM_CONVERSION = YES;
				CLANG_WARN_INFINITE_RECURSION = YES;
				CLANG_WARN_INT_CONVERSION = YES;
				CLANG_WARN_NON_LITERAL_NULL_CONVERSION = YES;
				CLANG_WARN_OBJC_IMPLICIT_RETAIN_SELF = YES;
				CLANG_WARN_OBJC_LITERAL_CONVERSION = YES;
				CLANG_WARN_OBJC_ROOT_CLASS = YES_ERROR;
				CLANG_WARN_RANGE_LOOP_ANALYSIS = YES;
				CLANG_WARN_STRICT_PROTOTYPES = YES;
				CLANG_WARN_SUSPICIOUS_MOVE = YES;
				CLANG_WARN_UNGUARDED_AVAILABILITY = YES_AGGRESSIVE;
				CLANG_WARN_UNREACHABLE_CODE = YES;
				CLANG_WARN__DUPLICATE_METHOD_MATCH = YES;
				CODE_SIGN_IDENTITY = "iPhone Developer";
				COPY_PHASE_STRIP = NO;
				DEBUG_INFORMATION_FORMAT = dwarf;
				ENABLE_STRICT_OBJC_MSGSEND = YES;
				ENABLE_TESTABILITY = YES;
				GCC_C_LANGUAGE_STANDARD = gnu11;
				GCC_DYNAMIC_NO_PIC = NO;
				GCC_NO_COMMON_BLOCKS = YES;
				GCC_OPTIMIZATION_LEVEL = 0;
				GCC_PREPROCESSOR_DEFINITIONS = (
					"DEBUG=1",
					"$(inherited)",
				);
				GCC_WARN_64_TO_32_BIT_CONVERSION = YES;
				GCC_WARN_ABOUT_RETURN_TYPE = YES_ERROR;
				GCC_WARN_UNDECLARED_SELECTOR = YES;
				GCC_WARN_UNINITIALIZED_AUTOS = YES_AGGRESSIVE;
				GCC_WARN_UNUSED_FUNCTION = YES;
				GCC_WARN_UNUSED_VARIABLE = YES;
				IPHONEOS_DEPLOYMENT_TARGET = 11.4;
				MTL_ENABLE_DEBUG_INFO = YES;
				ONLY_ACTIVE_ARCH = YES;
				SDKROOT = iphoneos;
				SWIFT_ACTIVE_COMPILATION_CONDITIONS = DEBUG;
				SWIFT_OPTIMIZATION_LEVEL = "-Onone";
			};
			name = Debug;
		};
		812BED3720CF954F00452F50 /* Release */ = {
			isa = XCBuildConfiguration;
			buildSettings = {
				ALWAYS_SEARCH_USER_PATHS = NO;
				CLANG_ANALYZER_NONNULL = YES;
				CLANG_ANALYZER_NUMBER_OBJECT_CONVERSION = YES_AGGRESSIVE;
				CLANG_CXX_LANGUAGE_STANDARD = "gnu++14";
				CLANG_CXX_LIBRARY = "libc++";
				CLANG_ENABLE_MODULES = YES;
				CLANG_ENABLE_OBJC_ARC = YES;
				CLANG_ENABLE_OBJC_WEAK = YES;
				CLANG_WARN_BLOCK_CAPTURE_AUTORELEASING = YES;
				CLANG_WARN_BOOL_CONVERSION = YES;
				CLANG_WARN_COMMA = YES;
				CLANG_WARN_CONSTANT_CONVERSION = YES;
				CLANG_WARN_DEPRECATED_OBJC_IMPLEMENTATIONS = YES;
				CLANG_WARN_DIRECT_OBJC_ISA_USAGE = YES_ERROR;
				CLANG_WARN_DOCUMENTATION_COMMENTS = YES;
				CLANG_WARN_EMPTY_BODY = YES;
				CLANG_WARN_ENUM_CONVERSION = YES;
				CLANG_WARN_INFINITE_RECURSION = YES;
				CLANG_WARN_INT_CONVERSION = YES;
				CLANG_WARN_NON_LITERAL_NULL_CONVERSION = YES;
				CLANG_WARN_OBJC_IMPLICIT_RETAIN_SELF = YES;
				CLANG_WARN_OBJC_LITERAL_CONVERSION = YES;
				CLANG_WARN_OBJC_ROOT_CLASS = YES_ERROR;
				CLANG_WARN_RANGE_LOOP_ANALYSIS = YES;
				CLANG_WARN_STRICT_PROTOTYPES = YES;
				CLANG_WARN_SUSPICIOUS_MOVE = YES;
				CLANG_WARN_UNGUARDED_AVAILABILITY = YES_AGGRESSIVE;
				CLANG_WARN_UNREACHABLE_CODE = YES;
				CLANG_WARN__DUPLICATE_METHOD_MATCH = YES;
				CODE_SIGN_IDENTITY = "iPhone Developer";
				COPY_PHASE_STRIP = NO;
				DEBUG_INFORMATION_FORMAT = "dwarf-with-dsym";
				ENABLE_NS_ASSERTIONS = NO;
				ENABLE_STRICT_OBJC_MSGSEND = YES;
				GCC_C_LANGUAGE_STANDARD = gnu11;
				GCC_NO_COMMON_BLOCKS = YES;
				GCC_WARN_64_TO_32_BIT_CONVERSION = YES;
				GCC_WARN_ABOUT_RETURN_TYPE = YES_ERROR;
				GCC_WARN_UNDECLARED_SELECTOR = YES;
				GCC_WARN_UNINITIALIZED_AUTOS = YES_AGGRESSIVE;
				GCC_WARN_UNUSED_FUNCTION = YES;
				GCC_WARN_UNUSED_VARIABLE = YES;
				IPHONEOS_DEPLOYMENT_TARGET = 11.4;
				MTL_ENABLE_DEBUG_INFO = NO;
				SDKROOT = iphoneos;
				SWIFT_COMPILATION_MODE = wholemodule;
				SWIFT_OPTIMIZATION_LEVEL = "-O";
				VALIDATE_PRODUCT = YES;
			};
			name = Release;
		};
		812BED3920CF954F00452F50 /* Debug */ = {
			isa = XCBuildConfiguration;
			buildSettings = {
				ASSETCATALOG_COMPILER_APPICON_NAME = AppIcon;
				CODE_SIGN_STYLE = Automatic;
				DEVELOPMENT_TEAM = 3GNXU2LRUU;
				INFOPLIST_FILE = GuessTest/Info.plist;
				IPHONEOS_DEPLOYMENT_TARGET = 9.0;
				LD_RUNPATH_SEARCH_PATHS = (
					"$(inherited)",
					"@executable_path/Frameworks",
				);
				PRODUCT_BUNDLE_IDENTIFIER = cddh.GuessTest;
				PRODUCT_NAME = "$(TARGET_NAME)";
				SWIFT_VERSION = 4.0;
				TARGETED_DEVICE_FAMILY = "1,2";
			};
			name = Debug;
		};
		812BED3A20CF954F00452F50 /* Release */ = {
			isa = XCBuildConfiguration;
			buildSettings = {
				ASSETCATALOG_COMPILER_APPICON_NAME = AppIcon;
				CODE_SIGN_STYLE = Automatic;
				DEVELOPMENT_TEAM = 3GNXU2LRUU;
				INFOPLIST_FILE = GuessTest/Info.plist;
				IPHONEOS_DEPLOYMENT_TARGET = 9.0;
				LD_RUNPATH_SEARCH_PATHS = (
					"$(inherited)",
					"@executable_path/Frameworks",
				);
				PRODUCT_BUNDLE_IDENTIFIER = cddh.GuessTest;
				PRODUCT_NAME = "$(TARGET_NAME)";
				SWIFT_VERSION = 4.0;
				TARGETED_DEVICE_FAMILY = "1,2";
			};
			name = Release;
		};
/* End XCBuildConfiguration section */

/* Begin XCConfigurationList section */
		812BED2120CF954D00452F50 /* Build configuration list for PBXProject "GuessTest" */ = {
			isa = XCConfigurationList;
			buildConfigurations = (
				812BED3620CF954F00452F50 /* Debug */,
				812BED3720CF954F00452F50 /* Release */,
			);
			defaultConfigurationIsVisible = 0;
			defaultConfigurationName = Release;
		};
		812BED3820CF954F00452F50 /* Build configuration list for PBXNativeTarget "GuessTest" */ = {
			isa = XCConfigurationList;
			buildConfigurations = (
				812BED3920CF954F00452F50 /* Debug */,
				812BED3A20CF954F00452F50 /* Release */,
			);
			defaultConfigurationIsVisible = 0;
			defaultConfigurationName = Release;
		};
/* End XCConfigurationList section */
	};
	rootObject = 812BED1E20CF954D00452F50 /* Project object */;
}
